
Microsoft Visual Studio Solution File, Format Version 12.00
# Visual Studio 14
VisualStudioVersion = 14.0.25420.1
MinimumVisualStudioVersion = 10.0.40219.1
Project("{FAE04EC0-301F-11D3-BF4B-00C04F79EFBC}") = "RoutingExample.Core", "RoutingExample.Core\RoutingExample.Core.csproj", "{A7592333-79A2-41C1-BABE-E72023150D18}"
EndProject
Project("{FAE04EC0-301F-11D3-BF4B-00C04F79EFBC}") = "RoutingExample.Droid", "RoutingExample.Droid\RoutingExample.Droid.csproj", "{BA02568B-FF99-4AFF-8FD6-F599AF31E750}"
EndProject
Project("{FAE04EC0-301F-11D3-BF4B-00C04F79EFBC}") = "RoutingExample.iOS", "RoutingExample.iOS\RoutingExample.iOS.csproj", "{2A8B3B0D-DBED-48E7-85CD-F72F569FE73F}"
EndProject
Project("{FAE04EC0-301F-11D3-BF4B-00C04F79EFBC}") = "Charri.MvvmCross.Plugins.Routing", "..\..\src\Charri.MvvmCross.Plugins.Routing\Charri.MvvmCross.Plugins.Routing.csproj", "{B99A0FE9-6EA6-4AED-BB64-F0DE047AF867}"
EndProject
Project("{2150E333-8FDC-42A3-9474-1A3956D46DE8}") = "__Lib", "__Lib", "{3976E93C-BDBC-4C3F-B29F-7749E8A046A0}"
EndProject
Global
	GlobalSection(SolutionConfigurationPlatforms) = preSolution
		Ad-Hoc|Any CPU = Ad-Hoc|Any CPU
		Ad-Hoc|iPhone = Ad-Hoc|iPhone
		Ad-Hoc|iPhoneSimulator = Ad-Hoc|iPhoneSimulator
		AppStore|Any CPU = AppStore|Any CPU
		AppStore|iPhone = AppStore|iPhone
		AppStore|iPhoneSimulator = AppStore|iPhoneSimulator
		Debug|Any CPU = Debug|Any CPU
		Debug|iPhone = Debug|iPhone
		Debug|iPhoneSimulator = Debug|iPhoneSimulator
		Release|Any CPU = Release|Any CPU
		Release|iPhone = Release|iPhone
		Release|iPhoneSimulator = Release|iPhoneSimulator
	EndGlobalSection
	GlobalSection(ProjectConfigurationPlatforms) = postSolution
		{A7592333-79A2-41C1-BABE-E72023150D18}.Ad-Hoc|Any CPU.ActiveCfg = Release|Any CPU
		{A7592333-79A2-41C1-BABE-E72023150D18}.Ad-Hoc|Any CPU.Build.0 = Release|Any CPU
		{A7592333-79A2-41C1-BABE-E72023150D18}.Ad-Hoc|iPhone.ActiveCfg = Release|Any CPU
		{A7592333-79A2-41C1-BABE-E72023150D18}.Ad-Hoc|iPhone.Build.0 = Release|Any CPU
		{A7592333-79A2-41C1-BABE-E72023150D18}.Ad-Hoc|iPhoneSimulator.ActiveCfg = Release|Any CPU
		{A7592333-79A2-41C1-BABE-E72023150D18}.Ad-Hoc|iPhoneSimulator.Build.0 = Release|Any CPU
		{A7592333-79A2-41C1-BABE-E72023150D18}.AppStore|Any CPU.ActiveCfg = Release|Any CPU
		{A7592333-79A2-41C1-BABE-E72023150D18}.AppStore|Any CPU.Build.0 = Release|Any CPU
		{A7592333-79A2-41C1-BABE-E72023150D18}.AppStore|iPhone.ActiveCfg = Release|Any CPU
		{A7592333-79A2-41C1-BABE-E72023150D18}.AppStore|iPhone.Build.0 = Release|Any CPU
		{A7592333-79A2-41C1-BABE-E72023150D18}.AppStore|iPhoneSimulator.ActiveCfg = Release|Any CPU
		{A7592333-79A2-41C1-BABE-E72023150D18}.AppStore|iPhoneSimulator.Build.0 = Release|Any CPU
		{A7592333-79A2-41C1-BABE-E72023150D18}.Debug|Any CPU.ActiveCfg = Debug|Any CPU
		{A7592333-79A2-41C1-BABE-E72023150D18}.Debug|Any CPU.Build.0 = Debug|Any CPU
		{A7592333-79A2-41C1-BABE-E72023150D18}.Debug|iPhone.ActiveCfg = Debug|Any CPU
		{A7592333-79A2-41C1-BABE-E72023150D18}.Debug|iPhone.Build.0 = Debug|Any CPU
		{A7592333-79A2-41C1-BABE-E72023150D18}.Debug|iPhoneSimulator.ActiveCfg = Debug|Any CPU
		{A7592333-79A2-41C1-BABE-E72023150D18}.Debug|iPhoneSimulator.Build.0 = Debug|Any CPU
		{A7592333-79A2-41C1-BABE-E72023150D18}.Release|Any CPU.ActiveCfg = Release|Any CPU
		{A7592333-79A2-41C1-BABE-E72023150D18}.Release|Any CPU.Build.0 = Release|Any CPU
		{A7592333-79A2-41C1-BABE-E72023150D18}.Release|iPhone.ActiveCfg = Release|Any CPU
		{A7592333-79A2-41C1-BABE-E72023150D18}.Release|iPhone.Build.0 = Release|Any CPU
		{A7592333-79A2-41C1-BABE-E72023150D18}.Release|iPhoneSimulator.ActiveCfg = Release|Any CPU
		{A7592333-79A2-41C1-BABE-E72023150D18}.Release|iPhoneSimulator.Build.0 = Release|Any CPU
		{BA02568B-FF99-4AFF-8FD6-F599AF31E750}.Ad-Hoc|Any CPU.ActiveCfg = Release|Any CPU
		{BA02568B-FF99-4AFF-8FD6-F599AF31E750}.Ad-Hoc|Any CPU.Build.0 = Release|Any CPU
		{BA02568B-FF99-4AFF-8FD6-F599AF31E750}.Ad-Hoc|Any CPU.Deploy.0 = Release|Any CPU
		{BA02568B-FF99-4AFF-8FD6-F599AF31E750}.Ad-Hoc|iPhone.ActiveCfg = Release|Any CPU
		{BA02568B-FF99-4AFF-8FD6-F599AF31E750}.Ad-Hoc|iPhone.Build.0 = Release|Any CPU
		{BA02568B-FF99-4AFF-8FD6-F599AF31E750}.Ad-Hoc|iPhone.Deploy.0 = Release|Any CPU
		{BA02568B-FF99-4AFF-8FD6-F599AF31E750}.Ad-Hoc|iPhoneSimulator.ActiveCfg = Release|Any CPU
		{BA02568B-FF99-4AFF-8FD6-F599AF31E750}.Ad-Hoc|iPhoneSimulator.Build.0 = Release|Any CPU
		{BA02568B-FF99-4AFF-8FD6-F599AF31E750}.Ad-Hoc|iPhoneSimulator.Deploy.0 = Release|Any CPU
		{BA02568B-FF99-4AFF-8FD6-F599AF31E750}.AppStore|Any CPU.ActiveCfg = Release|Any CPU
		{BA02568B-FF99-4AFF-8FD6-F599AF31E750}.AppStore|Any CPU.Build.0 = Release|Any CPU
		{BA02568B-FF99-4AFF-8FD6-F599AF31E750}.AppStore|Any CPU.Deploy.0 = Release|Any CPU
		{BA02568B-FF99-4AFF-8FD6-F599AF31E750}.AppStore|iPhone.ActiveCfg = Release|Any CPU
		{BA02568B-FF99-4AFF-8FD6-F599AF31E750}.AppStore|iPhone.Build.0 = Release|Any CPU
		{BA02568B-FF99-4AFF-8FD6-F599AF31E750}.AppStore|iPhone.Deploy.0 = Release|Any CPU
		{BA02568B-FF99-4AFF-8FD6-F599AF31E750}.AppStore|iPhoneSimulator.ActiveCfg = Release|Any CPU
		{BA02568B-FF99-4AFF-8FD6-F599AF31E750}.AppStore|iPhoneSimulator.Build.0 = Release|Any CPU
		{BA02568B-FF99-4AFF-8FD6-F599AF31E750}.AppStore|iPhoneSimulator.Deploy.0 = Release|Any CPU
		{BA02568B-FF99-4AFF-8FD6-F599AF31E750}.Debug|Any CPU.ActiveCfg = Debug|Any CPU
		{BA02568B-FF99-4AFF-8FD6-F599AF31E750}.Debug|Any CPU.Build.0 = Debug|Any CPU
		{BA02568B-FF99-4AFF-8FD6-F599AF31E750}.Debug|Any CPU.Deploy.0 = Debug|Any CPU
		{BA02568B-FF99-4AFF-8FD6-F599AF31E750}.Debug|iPhone.ActiveCfg = Debug|Any CPU
		{BA02568B-FF99-4AFF-8FD6-F599AF31E750}.Debug|iPhone.Build.0 = Debug|Any CPU
		{BA02568B-FF99-4AFF-8FD6-F599AF31E750}.Debug|iPhone.Deploy.0 = Debug|Any CPU
		{BA02568B-FF99-4AFF-8FD6-F599AF31E750}.Debug|iPhoneSimulator.ActiveCfg = Debug|Any CPU
		{BA02568B-FF99-4AFF-8FD6-F599AF31E750}.Debug|iPhoneSimulator.Build.0 = Debug|Any CPU
		{BA02568B-FF99-4AFF-8FD6-F599AF31E750}.Debug|iPhoneSimulator.Deploy.0 = Debug|Any CPU
		{BA02568B-FF99-4AFF-8FD6-F599AF31E750}.Release|Any CPU.ActiveCfg = Release|Any CPU
		{BA02568B-FF99-4AFF-8FD6-F599AF31E750}.Release|Any CPU.Build.0 = Release|Any CPU
		{BA02568B-FF99-4AFF-8FD6-F599AF31E750}.Release|Any CPU.Deploy.0 = Release|Any CPU
		{BA02568B-FF99-4AFF-8FD6-F599AF31E750}.Release|iPhone.ActiveCfg = Release|Any CPU
		{BA02568B-FF99-4AFF-8FD6-F599AF31E750}.Release|iPhone.Build.0 = Release|Any CPU
		{BA02568B-FF99-4AFF-8FD6-F599AF31E750}.Release|iPhone.Deploy.0 = Release|Any CPU
		{BA02568B-FF99-4AFF-8FD6-F599AF31E750}.Release|iPhoneSimulator.ActiveCfg = Release|Any CPU
		{BA02568B-FF99-4AFF-8FD6-F599AF31E750}.Release|iPhoneSimulator.Build.0 = Release|Any CPU
		{BA02568B-FF99-4AFF-8FD6-F599AF31E750}.Release|iPhoneSimulator.Deploy.0 = Release|Any CPU
		{2A8B3B0D-DBED-48E7-85CD-F72F569FE73F}.Ad-Hoc|Any CPU.ActiveCfg = Ad-Hoc|iPhone
		{2A8B3B0D-DBED-48E7-85CD-F72F569FE73F}.Ad-Hoc|iPhone.ActiveCfg = Ad-Hoc|iPhone
		{2A8B3B0D-DBED-48E7-85CD-F72F569FE73F}.Ad-Hoc|iPhone.Build.0 = Ad-Hoc|iPhone
		{2A8B3B0D-DBED-48E7-85CD-F72F569FE73F}.Ad-Hoc|iPhoneSimulator.ActiveCfg = Ad-Hoc|iPhoneSimulator
		{2A8B3B0D-DBED-48E7-85CD-F72F569FE73F}.Ad-Hoc|iPhoneSimulator.Build.0 = Ad-Hoc|iPhoneSimulator
		{2A8B3B0D-DBED-48E7-85CD-F72F569FE73F}.AppStore|Any CPU.ActiveCfg = AppStore|iPhone
		{2A8B3B0D-DBED-48E7-85CD-F72F569FE73F}.AppStore|iPhone.ActiveCfg = AppStore|iPhone
		{2A8B3B0D-DBED-48E7-85CD-F72F569FE73F}.AppStore|iPhone.Build.0 = AppStore|iPhone
		{2A8B3B0D-DBED-48E7-85CD-F72F569FE73F}.AppStore|iPhoneSimulator.ActiveCfg = AppStore|iPhoneSimulator
		{2A8B3B0D-DBED-48E7-85CD-F72F569FE73F}.AppStore|iPhoneSimulator.Build.0 = AppStore|iPhoneSimulator
		{2A8B3B0D-DBED-48E7-85CD-F72F569FE73F}.Debug|Any CPU.ActiveCfg = Debug|iPhone
		{2A8B3B0D-DBED-48E7-85CD-F72F569FE73F}.Debug|iPhone.ActiveCfg = Debug|iPhone
		{2A8B3B0D-DBED-48E7-85CD-F72F569FE73F}.Debug|iPhone.Build.0 = Debug|iPhone
		{2A8B3B0D-DBED-48E7-85CD-F72F569FE73F}.Debug|iPhoneSimulator.ActiveCfg = Debug|iPhoneSimulator
		{2A8B3B0D-DBED-48E7-85CD-F72F569FE73F}.Debug|iPhoneSimulator.Build.0 = Debug|iPhoneSimulator
		{2A8B3B0D-DBED-48E7-85CD-F72F569FE73F}.Release|Any CPU.ActiveCfg = Release|iPhone
		{2A8B3B0D-DBED-48E7-85CD-F72F569FE73F}.Release|iPhone.ActiveCfg = Release|iPhone
		{2A8B3B0D-DBED-48E7-85CD-F72F569FE73F}.Release|iPhone.Build.0 = Release|iPhone
		{2A8B3B0D-DBED-48E7-85CD-F72F569FE73F}.Release|iPhoneSimulator.ActiveCfg = Release|iPhoneSimulator
		{2A8B3B0D-DBED-48E7-85CD-F72F569FE73F}.Release|iPhoneSimulator.Build.0 = Release|iPhoneSimulator
		{B99A0FE9-6EA6-4AED-BB64-F0DE047AF867}.Ad-Hoc|Any CPU.ActiveCfg = Release|Any CPU
		{B99A0FE9-6EA6-4AED-BB64-F0DE047AF867}.Ad-Hoc|Any CPU.Build.0 = Release|Any CPU
		{B99A0FE9-6EA6-4AED-BB64-F0DE047AF867}.Ad-Hoc|iPhone.ActiveCfg = Release|Any CPU
		{B99A0FE9-6EA6-4AED-BB64-F0DE047AF867}.Ad-Hoc|iPhone.Build.0 = Release|Any CPU
		{B99A0FE9-6EA6-4AED-BB64-F0DE047AF867}.Ad-Hoc|iPhoneSimulator.ActiveCfg = Release|Any CPU
		{B99A0FE9-6EA6-4AED-BB64-F0DE047AF867}.Ad-Hoc|iPhoneSimulator.Build.0 = Release|Any CPU
		{B99A0FE9-6EA6-4AED-BB64-F0DE047AF867}.AppStore|Any CPU.ActiveCfg = Release|Any CPU
		{B99A0FE9-6EA6-4AED-BB64-F0DE047AF867}.AppStore|Any CPU.Build.0 = Release|Any CPU
		{B99A0FE9-6EA6-4AED-BB64-F0DE047AF867}.AppStore|iPhone.ActiveCfg = Release|Any CPU
		{B99A0FE9-6EA6-4AED-BB64-F0DE047AF867}.AppStore|iPhone.Build.0 = Release|Any CPU
		{B99A0FE9-6EA6-4AED-BB64-F0DE047AF867}.AppStore|iPhoneSimulator.ActiveCfg = Release|Any CPU
		{B99A0FE9-6EA6-4AED-BB64-F0DE047AF867}.AppStore|iPhoneSimulator.Build.0 = Release|Any CPU
		{B99A0FE9-6EA6-4AED-BB64-F0DE047AF867}.Debug|Any CPU.ActiveCfg = Debug|Any CPU
		{B99A0FE9-6EA6-4AED-BB64-F0DE047AF867}.Debug|Any CPU.Build.0 = Debug|Any CPU
		{B99A0FE9-6EA6-4AED-BB64-F0DE047AF867}.Debug|iPhone.ActiveCfg = Debug|Any CPU
		{B99A0FE9-6EA6-4AED-BB64-F0DE047AF867}.Debug|iPhone.Build.0 = Debug|Any CPU
		{B99A0FE9-6EA6-4AED-BB64-F0DE047AF867}.Debug|iPhoneSimulator.ActiveCfg = Debug|Any CPU
		{B99A0FE9-6EA6-4AED-BB64-F0DE047AF867}.Debug|iPhoneSimulator.Build.0 = Debug|Any CPU
		{B99A0FE9-6EA6-4AED-BB64-F0DE047AF867}.Release|Any CPU.ActiveCfg = Release|Any CPU
		{B99A0FE9-6EA6-4AED-BB64-F0DE047AF867}.Release|Any CPU.Build.0 = Release|Any CPU
		{B99A0FE9-6EA6-4AED-BB64-F0DE047AF867}.Release|iPhone.ActiveCfg = Release|Any CPU
		{B99A0FE9-6EA6-4AED-BB64-F0DE047AF867}.Release|iPhone.Build.0 = Release|Any CPU
		{B99A0FE9-6EA6-4AED-BB64-F0DE047AF867}.Release|iPhoneSimulator.ActiveCfg = Release|Any CPU
		{B99A0FE9-6EA6-4AED-BB64-F0DE047AF867}.Release|iPhoneSimulator.Build.0 = Release|Any CPU
	EndGlobalSection
	GlobalSection(SolutionProperties) = preSolution
		HideSolutionNode = FALSE
	EndGlobalSection
	GlobalSection(NestedProjects) = preSolution
		{B99A0FE9-6EA6-4AED-BB64-F0DE047AF867} = {3976E93C-BDBC-4C3F-B29F-7749E8A046A0}
	EndGlobalSection
EndGlobal
